// !$*UTF8*$!
{
	archiveVersion = 1;
	classes = {
	};
	objectVersion = 51;
	objects = {

/* Begin PBXBuildFile section */
		A4F95E0149D1E62F0A77930A /* Pods_CloudsTests.framework in Frameworks */ = {isa = PBXBuildFile; fileRef = 9F59876DD28B4B06F28A5BEC /* Pods_CloudsTests.framework */; };
		B0133FAB768D8115A37B2402 /* Pods_Clouds.framework in Frameworks */ = {isa = PBXBuildFile; fileRef = DBCDBF76588ED22CC9356AC4 /* Pods_Clouds.framework */; };
		E5F78D7BE4749C8B5C0342AE /* Pods_Clouds_CloudsUITests.framework in Frameworks */ = {isa = PBXBuildFile; fileRef = FB32C7E7B74270422728480E /* Pods_Clouds_CloudsUITests.framework */; };
		EF5723BD23CE4FD600492384 /* AppDelegate.swift in Sources */ = {isa = PBXBuildFile; fileRef = EF5723BC23CE4FD600492384 /* AppDelegate.swift */; };
		EF5723BF23CE4FD600492384 /* SceneDelegate.swift in Sources */ = {isa = PBXBuildFile; fileRef = EF5723BE23CE4FD600492384 /* SceneDelegate.swift */; };
		EF5723C123CE4FD600492384 /* ViewController.swift in Sources */ = {isa = PBXBuildFile; fileRef = EF5723C023CE4FD600492384 /* ViewController.swift */; };
		EF5723C423CE4FD600492384 /* Main.storyboard in Resources */ = {isa = PBXBuildFile; fileRef = EF5723C223CE4FD600492384 /* Main.storyboard */; };
		EF5723C623CE4FD700492384 /* Assets.xcassets in Resources */ = {isa = PBXBuildFile; fileRef = EF5723C523CE4FD700492384 /* Assets.xcassets */; };
		EF5723C923CE4FD700492384 /* LaunchScreen.storyboard in Resources */ = {isa = PBXBuildFile; fileRef = EF5723C723CE4FD700492384 /* LaunchScreen.storyboard */; };
		EF5723D423CE4FD700492384 /* CloudsTests.swift in Sources */ = {isa = PBXBuildFile; fileRef = EF5723D323CE4FD700492384 /* CloudsTests.swift */; };
		EF5723DF23CE4FD700492384 /* CloudsUITests.swift in Sources */ = {isa = PBXBuildFile; fileRef = EF5723DE23CE4FD700492384 /* CloudsUITests.swift */; };
		EFBB817423CFADAC00FB637F /* UIBaseViewController.swift in Sources */ = {isa = PBXBuildFile; fileRef = EFBB817323CFADAC00FB637F /* UIBaseViewController.swift */; };
		EFBB817623CFADCF00FB637F /* Constants.swift in Sources */ = {isa = PBXBuildFile; fileRef = EFBB817523CFADCF00FB637F /* Constants.swift */; };
		EFBB817823CFAE0200FB637F /* SetupUI.swift in Sources */ = {isa = PBXBuildFile; fileRef = EFBB817723CFAE0200FB637F /* SetupUI.swift */; };
		EFBB817F23D0E18100FB637F /* Rubik-MediumItalic.otf in Resources */ = {isa = PBXBuildFile; fileRef = EFBB817923D0E18000FB637F /* Rubik-MediumItalic.otf */; };
		EFBB818023D0E18100FB637F /* Rubik-Italic.otf in Resources */ = {isa = PBXBuildFile; fileRef = EFBB817A23D0E18000FB637F /* Rubik-Italic.otf */; };
		EFBB818123D0E18100FB637F /* Rubik-Light.otf in Resources */ = {isa = PBXBuildFile; fileRef = EFBB817B23D0E18000FB637F /* Rubik-Light.otf */; };
		EFBB818223D0E18100FB637F /* Rubik-Bold.otf in Resources */ = {isa = PBXBuildFile; fileRef = EFBB817C23D0E18000FB637F /* Rubik-Bold.otf */; };
		EFBB818323D0E18100FB637F /* Rubik-LightItalic.otf in Resources */ = {isa = PBXBuildFile; fileRef = EFBB817D23D0E18100FB637F /* Rubik-LightItalic.otf */; };
		EFBB818423D0E18100FB637F /* Rubik-Medium.otf in Resources */ = {isa = PBXBuildFile; fileRef = EFBB817E23D0E18100FB637F /* Rubik-Medium.otf */; };
		EFBB818623D1FF8000FB637F /* Fonts.swift in Sources */ = {isa = PBXBuildFile; fileRef = EFBB818523D1FF8000FB637F /* Fonts.swift */; };
		EFBB818823D2028700FB637F /* Theme.swift in Sources */ = {isa = PBXBuildFile; fileRef = EFBB818723D2028700FB637F /* Theme.swift */; };
		EFBB818A23D211F900FB637F /* Colors+Extensions.swift in Sources */ = {isa = PBXBuildFile; fileRef = EFBB818923D211F900FB637F /* Colors+Extensions.swift */; };
		EFBB818C23D218C700FB637F /* Gradients.swift in Sources */ = {isa = PBXBuildFile; fileRef = EFBB818B23D218C700FB637F /* Gradients.swift */; };
		EFBB818E23D22AAD00FB637F /* Home.storyboard in Resources */ = {isa = PBXBuildFile; fileRef = EFBB818D23D22AAD00FB637F /* Home.storyboard */; };
		EFBB819023D22AC600FB637F /* HomeViewController.swift in Sources */ = {isa = PBXBuildFile; fileRef = EFBB818F23D22AC600FB637F /* HomeViewController.swift */; };
		EFFC93FA23D238C300F177FD /* Button.swift in Sources */ = {isa = PBXBuildFile; fileRef = EFFC93F923D238C300F177FD /* Button.swift */; };
		EFFC93FC23D2468E00F177FD /* ChooseLocationViewController.swift in Sources */ = {isa = PBXBuildFile; fileRef = EFFC93FB23D2468E00F177FD /* ChooseLocationViewController.swift */; };
		EFFC93FE23D2890800F177FD /* SwiftGifOrigin.framework in Frameworks */ = {isa = PBXBuildFile; fileRef = EFFC93FD23D2890800F177FD /* SwiftGifOrigin.framework */; };
		EFFC93FF23D2890800F177FD /* SwiftGifOrigin.framework in Embed Frameworks */ = {isa = PBXBuildFile; fileRef = EFFC93FD23D2890800F177FD /* SwiftGifOrigin.framework */; settings = {ATTRIBUTES = (CodeSignOnCopy, RemoveHeadersOnCopy, ); }; };
/* End PBXBuildFile section */

/* Begin PBXContainerItemProxy section */
		EF5723D023CE4FD700492384 /* PBXContainerItemProxy */ = {
			isa = PBXContainerItemProxy;
			containerPortal = EF5723B123CE4FD600492384 /* Project object */;
			proxyType = 1;
			remoteGlobalIDString = EF5723B823CE4FD600492384;
			remoteInfo = Clouds;
		};
		EF5723DB23CE4FD700492384 /* PBXContainerItemProxy */ = {
			isa = PBXContainerItemProxy;
			containerPortal = EF5723B123CE4FD600492384 /* Project object */;
			proxyType = 1;
			remoteGlobalIDString = EF5723B823CE4FD600492384;
			remoteInfo = Clouds;
		};
/* End PBXContainerItemProxy section */

/* Begin PBXCopyFilesBuildPhase section */
		EFFC940023D2890800F177FD /* Embed Frameworks */ = {
			isa = PBXCopyFilesBuildPhase;
			buildActionMask = 2147483647;
			dstPath = "";
			dstSubfolderSpec = 10;
			files = (
				EFFC93FF23D2890800F177FD /* SwiftGifOrigin.framework in Embed Frameworks */,
			);
			name = "Embed Frameworks";
			runOnlyForDeploymentPostprocessing = 0;
		};
/* End PBXCopyFilesBuildPhase section */

/* Begin PBXFileReference section */
		33258202BE1879F8FC3A4535 /* Pods-CloudsTests.debug.xcconfig */ = {isa = PBXFileReference; includeInIndex = 1; lastKnownFileType = text.xcconfig; name = "Pods-CloudsTests.debug.xcconfig"; path = "Target Support Files/Pods-CloudsTests/Pods-CloudsTests.debug.xcconfig"; sourceTree = "<group>"; };
		93402B75D2ADCBF7B69A0F08 /* Pods-CloudsTests.release.xcconfig */ = {isa = PBXFileReference; includeInIndex = 1; lastKnownFileType = text.xcconfig; name = "Pods-CloudsTests.release.xcconfig"; path = "Target Support Files/Pods-CloudsTests/Pods-CloudsTests.release.xcconfig"; sourceTree = "<group>"; };
		9F59876DD28B4B06F28A5BEC /* Pods_CloudsTests.framework */ = {isa = PBXFileReference; explicitFileType = wrapper.framework; includeInIndex = 0; path = Pods_CloudsTests.framework; sourceTree = BUILT_PRODUCTS_DIR; };
		9FE6A28EDE0B5BB1565DC63E /* Pods-Clouds.release.xcconfig */ = {isa = PBXFileReference; includeInIndex = 1; lastKnownFileType = text.xcconfig; name = "Pods-Clouds.release.xcconfig"; path = "Target Support Files/Pods-Clouds/Pods-Clouds.release.xcconfig"; sourceTree = "<group>"; };
		CEFCEF75B84A640767447E84 /* Pods-Clouds-CloudsUITests.debug.xcconfig */ = {isa = PBXFileReference; includeInIndex = 1; lastKnownFileType = text.xcconfig; name = "Pods-Clouds-CloudsUITests.debug.xcconfig"; path = "Target Support Files/Pods-Clouds-CloudsUITests/Pods-Clouds-CloudsUITests.debug.xcconfig"; sourceTree = "<group>"; };
		DBCDBF76588ED22CC9356AC4 /* Pods_Clouds.framework */ = {isa = PBXFileReference; explicitFileType = wrapper.framework; includeInIndex = 0; path = Pods_Clouds.framework; sourceTree = BUILT_PRODUCTS_DIR; };
		E876EDE5566507B073AB08EA /* Pods-Clouds.debug.xcconfig */ = {isa = PBXFileReference; includeInIndex = 1; lastKnownFileType = text.xcconfig; name = "Pods-Clouds.debug.xcconfig"; path = "Target Support Files/Pods-Clouds/Pods-Clouds.debug.xcconfig"; sourceTree = "<group>"; };
		EF5723B923CE4FD600492384 /* Clouds.app */ = {isa = PBXFileReference; explicitFileType = wrapper.application; includeInIndex = 0; path = Clouds.app; sourceTree = BUILT_PRODUCTS_DIR; };
		EF5723BC23CE4FD600492384 /* AppDelegate.swift */ = {isa = PBXFileReference; lastKnownFileType = sourcecode.swift; path = AppDelegate.swift; sourceTree = "<group>"; };
		EF5723BE23CE4FD600492384 /* SceneDelegate.swift */ = {isa = PBXFileReference; lastKnownFileType = sourcecode.swift; path = SceneDelegate.swift; sourceTree = "<group>"; };
		EF5723C023CE4FD600492384 /* ViewController.swift */ = {isa = PBXFileReference; lastKnownFileType = sourcecode.swift; path = ViewController.swift; sourceTree = "<group>"; };
		EF5723C323CE4FD600492384 /* Base */ = {isa = PBXFileReference; lastKnownFileType = file.storyboard; name = Base; path = Base.lproj/Main.storyboard; sourceTree = "<group>"; };
		EF5723C523CE4FD700492384 /* Assets.xcassets */ = {isa = PBXFileReference; lastKnownFileType = folder.assetcatalog; path = Assets.xcassets; sourceTree = "<group>"; };
		EF5723C823CE4FD700492384 /* Base */ = {isa = PBXFileReference; lastKnownFileType = file.storyboard; name = Base; path = Base.lproj/LaunchScreen.storyboard; sourceTree = "<group>"; };
		EF5723CA23CE4FD700492384 /* Info.plist */ = {isa = PBXFileReference; lastKnownFileType = text.plist.xml; path = Info.plist; sourceTree = "<group>"; };
		EF5723CF23CE4FD700492384 /* CloudsTests.xctest */ = {isa = PBXFileReference; explicitFileType = wrapper.cfbundle; includeInIndex = 0; path = CloudsTests.xctest; sourceTree = BUILT_PRODUCTS_DIR; };
		EF5723D323CE4FD700492384 /* CloudsTests.swift */ = {isa = PBXFileReference; lastKnownFileType = sourcecode.swift; path = CloudsTests.swift; sourceTree = "<group>"; };
		EF5723D523CE4FD700492384 /* Info.plist */ = {isa = PBXFileReference; lastKnownFileType = text.plist.xml; path = Info.plist; sourceTree = "<group>"; };
		EF5723DA23CE4FD700492384 /* CloudsUITests.xctest */ = {isa = PBXFileReference; explicitFileType = wrapper.cfbundle; includeInIndex = 0; path = CloudsUITests.xctest; sourceTree = BUILT_PRODUCTS_DIR; };
		EF5723DE23CE4FD700492384 /* CloudsUITests.swift */ = {isa = PBXFileReference; lastKnownFileType = sourcecode.swift; path = CloudsUITests.swift; sourceTree = "<group>"; };
		EF5723E023CE4FD700492384 /* Info.plist */ = {isa = PBXFileReference; lastKnownFileType = text.plist.xml; path = Info.plist; sourceTree = "<group>"; };
		EFBB817323CFADAC00FB637F /* UIBaseViewController.swift */ = {isa = PBXFileReference; lastKnownFileType = sourcecode.swift; path = UIBaseViewController.swift; sourceTree = "<group>"; };
		EFBB817523CFADCF00FB637F /* Constants.swift */ = {isa = PBXFileReference; lastKnownFileType = sourcecode.swift; path = Constants.swift; sourceTree = "<group>"; };
		EFBB817723CFAE0200FB637F /* SetupUI.swift */ = {isa = PBXFileReference; lastKnownFileType = sourcecode.swift; path = SetupUI.swift; sourceTree = "<group>"; };
		EFBB817923D0E18000FB637F /* Rubik-MediumItalic.otf */ = {isa = PBXFileReference; lastKnownFileType = file; path = "Rubik-MediumItalic.otf"; sourceTree = "<group>"; };
		EFBB817A23D0E18000FB637F /* Rubik-Italic.otf */ = {isa = PBXFileReference; lastKnownFileType = file; path = "Rubik-Italic.otf"; sourceTree = "<group>"; };
		EFBB817B23D0E18000FB637F /* Rubik-Light.otf */ = {isa = PBXFileReference; lastKnownFileType = file; path = "Rubik-Light.otf"; sourceTree = "<group>"; };
		EFBB817C23D0E18000FB637F /* Rubik-Bold.otf */ = {isa = PBXFileReference; lastKnownFileType = file; path = "Rubik-Bold.otf"; sourceTree = "<group>"; };
		EFBB817D23D0E18100FB637F /* Rubik-LightItalic.otf */ = {isa = PBXFileReference; lastKnownFileType = file; path = "Rubik-LightItalic.otf"; sourceTree = "<group>"; };
		EFBB817E23D0E18100FB637F /* Rubik-Medium.otf */ = {isa = PBXFileReference; lastKnownFileType = file; path = "Rubik-Medium.otf"; sourceTree = "<group>"; };
		EFBB818523D1FF8000FB637F /* Fonts.swift */ = {isa = PBXFileReference; lastKnownFileType = sourcecode.swift; path = Fonts.swift; sourceTree = "<group>"; };
		EFBB818723D2028700FB637F /* Theme.swift */ = {isa = PBXFileReference; lastKnownFileType = sourcecode.swift; path = Theme.swift; sourceTree = "<group>"; };
		EFBB818923D211F900FB637F /* Colors+Extensions.swift */ = {isa = PBXFileReference; lastKnownFileType = sourcecode.swift; path = "Colors+Extensions.swift"; sourceTree = "<group>"; };
		EFBB818B23D218C700FB637F /* Gradients.swift */ = {isa = PBXFileReference; lastKnownFileType = sourcecode.swift; path = Gradients.swift; sourceTree = "<group>"; };
		EFBB818D23D22AAD00FB637F /* Home.storyboard */ = {isa = PBXFileReference; lastKnownFileType = file.storyboard; path = Home.storyboard; sourceTree = "<group>"; };
		EFBB818F23D22AC600FB637F /* HomeViewController.swift */ = {isa = PBXFileReference; lastKnownFileType = sourcecode.swift; path = HomeViewController.swift; sourceTree = "<group>"; };
		EFFC93F923D238C300F177FD /* Button.swift */ = {isa = PBXFileReference; lastKnownFileType = sourcecode.swift; path = Button.swift; sourceTree = "<group>"; };
		EFFC93FB23D2468E00F177FD /* ChooseLocationViewController.swift */ = {isa = PBXFileReference; lastKnownFileType = sourcecode.swift; path = ChooseLocationViewController.swift; sourceTree = "<group>"; };
		EFFC93FD23D2890800F177FD /* SwiftGifOrigin.framework */ = {isa = PBXFileReference; explicitFileType = wrapper.framework; path = SwiftGifOrigin.framework; sourceTree = BUILT_PRODUCTS_DIR; };
		FB32C7E7B74270422728480E /* Pods_Clouds_CloudsUITests.framework */ = {isa = PBXFileReference; explicitFileType = wrapper.framework; includeInIndex = 0; path = Pods_Clouds_CloudsUITests.framework; sourceTree = BUILT_PRODUCTS_DIR; };
		FD848E971C16B752A529659F /* Pods-Clouds-CloudsUITests.release.xcconfig */ = {isa = PBXFileReference; includeInIndex = 1; lastKnownFileType = text.xcconfig; name = "Pods-Clouds-CloudsUITests.release.xcconfig"; path = "Target Support Files/Pods-Clouds-CloudsUITests/Pods-Clouds-CloudsUITests.release.xcconfig"; sourceTree = "<group>"; };
/* End PBXFileReference section */

/* Begin PBXFrameworksBuildPhase section */
		EF5723B623CE4FD600492384 /* Frameworks */ = {
			isa = PBXFrameworksBuildPhase;
			buildActionMask = 2147483647;
			files = (
				B0133FAB768D8115A37B2402 /* Pods_Clouds.framework in Frameworks */,
				EFFC93FE23D2890800F177FD /* SwiftGifOrigin.framework in Frameworks */,
			);
			runOnlyForDeploymentPostprocessing = 0;
		};
		EF5723CC23CE4FD700492384 /* Frameworks */ = {
			isa = PBXFrameworksBuildPhase;
			buildActionMask = 2147483647;
			files = (
				A4F95E0149D1E62F0A77930A /* Pods_CloudsTests.framework in Frameworks */,
			);
			runOnlyForDeploymentPostprocessing = 0;
		};
		EF5723D723CE4FD700492384 /* Frameworks */ = {
			isa = PBXFrameworksBuildPhase;
			buildActionMask = 2147483647;
			files = (
				E5F78D7BE4749C8B5C0342AE /* Pods_Clouds_CloudsUITests.framework in Frameworks */,
			);
			runOnlyForDeploymentPostprocessing = 0;
		};
/* End PBXFrameworksBuildPhase section */

/* Begin PBXGroup section */
		8DE3D0CD8110BF9059F4640D /* Frameworks */ = {
			isa = PBXGroup;
			children = (
				EFFC93FD23D2890800F177FD /* SwiftGifOrigin.framework */,
				DBCDBF76588ED22CC9356AC4 /* Pods_Clouds.framework */,
				FB32C7E7B74270422728480E /* Pods_Clouds_CloudsUITests.framework */,
				9F59876DD28B4B06F28A5BEC /* Pods_CloudsTests.framework */,
			);
			name = Frameworks;
			sourceTree = "<group>";
		};
		9E1BF14CD4D7877D663432D9 /* Pods */ = {
			isa = PBXGroup;
			children = (
				E876EDE5566507B073AB08EA /* Pods-Clouds.debug.xcconfig */,
				9FE6A28EDE0B5BB1565DC63E /* Pods-Clouds.release.xcconfig */,
				CEFCEF75B84A640767447E84 /* Pods-Clouds-CloudsUITests.debug.xcconfig */,
				FD848E971C16B752A529659F /* Pods-Clouds-CloudsUITests.release.xcconfig */,
				33258202BE1879F8FC3A4535 /* Pods-CloudsTests.debug.xcconfig */,
				93402B75D2ADCBF7B69A0F08 /* Pods-CloudsTests.release.xcconfig */,
			);
			path = Pods;
			sourceTree = "<group>";
		};
		EF5723B023CE4FD600492384 = {
			isa = PBXGroup;
			children = (
				EF5723BB23CE4FD600492384 /* Clouds */,
				EF5723D223CE4FD700492384 /* CloudsTests */,
				EF5723DD23CE4FD700492384 /* CloudsUITests */,
				EF5723BA23CE4FD600492384 /* Products */,
				9E1BF14CD4D7877D663432D9 /* Pods */,
				8DE3D0CD8110BF9059F4640D /* Frameworks */,
			);
			sourceTree = "<group>";
		};
		EF5723BA23CE4FD600492384 /* Products */ = {
			isa = PBXGroup;
			children = (
				EF5723B923CE4FD600492384 /* Clouds.app */,
				EF5723CF23CE4FD700492384 /* CloudsTests.xctest */,
				EF5723DA23CE4FD700492384 /* CloudsUITests.xctest */,
			);
			name = Products;
			sourceTree = "<group>";
		};
		EF5723BB23CE4FD600492384 /* Clouds */ = {
			isa = PBXGroup;
			children = (
				EFBB816C23CFA17700FB637F /* Assets */,
				EFBB816E23CFA18600FB637F /* Controllers */,
				EFBB816B23CFA16E00FB637F /* fonts */,
				EFBB816F23CFA19100FB637F /* Utils */,
				EFBB816D23CFA18000FB637F /* Views */,
				EF5723BC23CE4FD600492384 /* AppDelegate.swift */,
				EF5723BE23CE4FD600492384 /* SceneDelegate.swift */,
				EF5723C723CE4FD700492384 /* LaunchScreen.storyboard */,
				EF5723CA23CE4FD700492384 /* Info.plist */,
			);
			path = Clouds;
			sourceTree = "<group>";
		};
		EF5723D223CE4FD700492384 /* CloudsTests */ = {
			isa = PBXGroup;
			children = (
				EF5723D323CE4FD700492384 /* CloudsTests.swift */,
				EF5723D523CE4FD700492384 /* Info.plist */,
			);
			path = CloudsTests;
			sourceTree = "<group>";
		};
		EF5723DD23CE4FD700492384 /* CloudsUITests */ = {
			isa = PBXGroup;
			children = (
				EF5723DE23CE4FD700492384 /* CloudsUITests.swift */,
				EF5723E023CE4FD700492384 /* Info.plist */,
			);
			path = CloudsUITests;
			sourceTree = "<group>";
		};
		EFBB816B23CFA16E00FB637F /* fonts */ = {
			isa = PBXGroup;
			children = (
				EFBB817C23D0E18000FB637F /* Rubik-Bold.otf */,
				EFBB817A23D0E18000FB637F /* Rubik-Italic.otf */,
				EFBB817B23D0E18000FB637F /* Rubik-Light.otf */,
				EFBB817D23D0E18100FB637F /* Rubik-LightItalic.otf */,
				EFBB817E23D0E18100FB637F /* Rubik-Medium.otf */,
				EFBB817923D0E18000FB637F /* Rubik-MediumItalic.otf */,
			);
			path = fonts;
			sourceTree = "<group>";
		};
		EFBB816C23CFA17700FB637F /* Assets */ = {
			isa = PBXGroup;
			children = (
				EF5723C523CE4FD700492384 /* Assets.xcassets */,
			);
			path = Assets;
			sourceTree = "<group>";
		};
		EFBB816D23CFA18000FB637F /* Views */ = {
			isa = PBXGroup;
			children = (
				EF5723C223CE4FD600492384 /* Main.storyboard */,
				EFBB818D23D22AAD00FB637F /* Home.storyboard */,
			);
			path = Views;
			sourceTree = "<group>";
		};
		EFBB816E23CFA18600FB637F /* Controllers */ = {
			isa = PBXGroup;
			children = (
				EF5723C023CE4FD600492384 /* ViewController.swift */,
				EFBB818F23D22AC600FB637F /* HomeViewController.swift */,
				EFFC93FB23D2468E00F177FD /* ChooseLocationViewController.swift */,
			);
			path = Controllers;
			sourceTree = "<group>";
		};
		EFBB816F23CFA19100FB637F /* Utils */ = {
			isa = PBXGroup;
			children = (
				EFBB817023CFA1FF00FB637F /* Constants */,
				EFBB817123CFA20700FB637F /* Extensions */,
				EFBB817223CFA20E00FB637F /* Theme */,
				EFBB817323CFADAC00FB637F /* UIBaseViewController.swift */,
			);
			path = Utils;
			sourceTree = "<group>";
		};
		EFBB817023CFA1FF00FB637F /* Constants */ = {
			isa = PBXGroup;
			children = (
				EFBB817523CFADCF00FB637F /* Constants.swift */,
				EFBB817723CFAE0200FB637F /* SetupUI.swift */,
			);
			path = Constants;
			sourceTree = "<group>";
		};
		EFBB817123CFA20700FB637F /* Extensions */ = {
			isa = PBXGroup;
			children = (
				EFBB818923D211F900FB637F /* Colors+Extensions.swift */,
			);
			path = Extensions;
			sourceTree = "<group>";
		};
		EFBB817223CFA20E00FB637F /* Theme */ = {
			isa = PBXGroup;
			children = (
				EFBB818523D1FF8000FB637F /* Fonts.swift */,
				EFBB818723D2028700FB637F /* Theme.swift */,
				EFBB818B23D218C700FB637F /* Gradients.swift */,
				EFFC93F923D238C300F177FD /* Button.swift */,
			);
			path = Theme;
			sourceTree = "<group>";
		};
/* End PBXGroup section */

/* Begin PBXNativeTarget section */
		EF5723B823CE4FD600492384 /* Clouds */ = {
			isa = PBXNativeTarget;
			buildConfigurationList = EF5723E323CE4FD700492384 /* Build configuration list for PBXNativeTarget "Clouds" */;
			buildPhases = (
				FD32F416C092DBE6EC3ED8C1 /* [CP] Check Pods Manifest.lock */,
				EF5723B523CE4FD600492384 /* Sources */,
				EF5723B623CE4FD600492384 /* Frameworks */,
				EF5723B723CE4FD600492384 /* Resources */,
				E5DED80111A784B937F455C0 /* [CP] Embed Pods Frameworks */,
				B0ABBAFCBBDC123D4ABD71E1 /* [CP] Copy Pods Resources */,
				EFFC940023D2890800F177FD /* Embed Frameworks */,
			);
			buildRules = (
			);
			dependencies = (
			);
			name = Clouds;
			productName = Clouds;
			productReference = EF5723B923CE4FD600492384 /* Clouds.app */;
			productType = "com.apple.product-type.application";
		};
		EF5723CE23CE4FD700492384 /* CloudsTests */ = {
			isa = PBXNativeTarget;
			buildConfigurationList = EF5723E623CE4FD700492384 /* Build configuration list for PBXNativeTarget "CloudsTests" */;
			buildPhases = (
				346702E9E0ECA3BF75575BE1 /* [CP] Check Pods Manifest.lock */,
				EF5723CB23CE4FD700492384 /* Sources */,
				EF5723CC23CE4FD700492384 /* Frameworks */,
				EF5723CD23CE4FD700492384 /* Resources */,
			);
			buildRules = (
			);
			dependencies = (
				EF5723D123CE4FD700492384 /* PBXTargetDependency */,
			);
			name = CloudsTests;
			productName = CloudsTests;
			productReference = EF5723CF23CE4FD700492384 /* CloudsTests.xctest */;
			productType = "com.apple.product-type.bundle.unit-test";
		};
		EF5723D923CE4FD700492384 /* CloudsUITests */ = {
			isa = PBXNativeTarget;
			buildConfigurationList = EF5723E923CE4FD700492384 /* Build configuration list for PBXNativeTarget "CloudsUITests" */;
			buildPhases = (
				9E60648100F398BB0979CEDF /* [CP] Check Pods Manifest.lock */,
				EF5723D623CE4FD700492384 /* Sources */,
				EF5723D723CE4FD700492384 /* Frameworks */,
				EF5723D823CE4FD700492384 /* Resources */,
				05EB87B718535BA20BD4D688 /* [CP] Embed Pods Frameworks */,
				8C4E26E86767EDD7347A112E /* [CP] Copy Pods Resources */,
			);
			buildRules = (
			);
			dependencies = (
				EF5723DC23CE4FD700492384 /* PBXTargetDependency */,
			);
			name = CloudsUITests;
			productName = CloudsUITests;
			productReference = EF5723DA23CE4FD700492384 /* CloudsUITests.xctest */;
			productType = "com.apple.product-type.bundle.ui-testing";
		};
/* End PBXNativeTarget section */

/* Begin PBXProject section */
		EF5723B123CE4FD600492384 /* Project object */ = {
			isa = PBXProject;
			attributes = {
				LastSwiftUpdateCheck = 1130;
				LastUpgradeCheck = 1130;
				ORGANIZATIONNAME = tcasablancas;
				TargetAttributes = {
					EF5723B823CE4FD600492384 = {
						CreatedOnToolsVersion = 11.3;
					};
					EF5723CE23CE4FD700492384 = {
						CreatedOnToolsVersion = 11.3;
						TestTargetID = EF5723B823CE4FD600492384;
					};
					EF5723D923CE4FD700492384 = {
						CreatedOnToolsVersion = 11.3;
						TestTargetID = EF5723B823CE4FD600492384;
					};
				};
			};
			buildConfigurationList = EF5723B423CE4FD600492384 /* Build configuration list for PBXProject "Clouds" */;
			compatibilityVersion = "Xcode 9.3";
			developmentRegion = en;
			hasScannedForEncodings = 0;
			knownRegions = (
				en,
				Base,
			);
			mainGroup = EF5723B023CE4FD600492384;
			productRefGroup = EF5723BA23CE4FD600492384 /* Products */;
			projectDirPath = "";
			projectRoot = "";
			targets = (
				EF5723B823CE4FD600492384 /* Clouds */,
				EF5723CE23CE4FD700492384 /* CloudsTests */,
				EF5723D923CE4FD700492384 /* CloudsUITests */,
			);
		};
/* End PBXProject section */

/* Begin PBXResourcesBuildPhase section */
		EF5723B723CE4FD600492384 /* Resources */ = {
			isa = PBXResourcesBuildPhase;
			buildActionMask = 2147483647;
			files = (
				EF5723C923CE4FD700492384 /* LaunchScreen.storyboard in Resources */,
				EFBB818E23D22AAD00FB637F /* Home.storyboard in Resources */,
				EFBB818023D0E18100FB637F /* Rubik-Italic.otf in Resources */,
				EFBB818223D0E18100FB637F /* Rubik-Bold.otf in Resources */,
				EF5723C623CE4FD700492384 /* Assets.xcassets in Resources */,
				EFBB818323D0E18100FB637F /* Rubik-LightItalic.otf in Resources */,
				EFBB818423D0E18100FB637F /* Rubik-Medium.otf in Resources */,
				EFBB817F23D0E18100FB637F /* Rubik-MediumItalic.otf in Resources */,
				EFBB818123D0E18100FB637F /* Rubik-Light.otf in Resources */,
				EF5723C423CE4FD600492384 /* Main.storyboard in Resources */,
			);
			runOnlyForDeploymentPostprocessing = 0;
		};
		EF5723CD23CE4FD700492384 /* Resources */ = {
			isa = PBXResourcesBuildPhase;
			buildActionMask = 2147483647;
			files = (
			);
			runOnlyForDeploymentPostprocessing = 0;
		};
		EF5723D823CE4FD700492384 /* Resources */ = {
			isa = PBXResourcesBuildPhase;
			buildActionMask = 2147483647;
			files = (
			);
			runOnlyForDeploymentPostprocessing = 0;
		};
/* End PBXResourcesBuildPhase section */

/* Begin PBXShellScriptBuildPhase section */
		05EB87B718535BA20BD4D688 /* [CP] Embed Pods Frameworks */ = {
			isa = PBXShellScriptBuildPhase;
			buildActionMask = 2147483647;
			files = (
			);
			inputFileListPaths = (
				"${PODS_ROOT}/Target Support Files/Pods-Clouds-CloudsUITests/Pods-Clouds-CloudsUITests-frameworks-${CONFIGURATION}-input-files.xcfilelist",
			);
			name = "[CP] Embed Pods Frameworks";
			outputFileListPaths = (
				"${PODS_ROOT}/Target Support Files/Pods-Clouds-CloudsUITests/Pods-Clouds-CloudsUITests-frameworks-${CONFIGURATION}-output-files.xcfilelist",
			);
			runOnlyForDeploymentPostprocessing = 0;
			shellPath = /bin/sh;
			shellScript = "\"${PODS_ROOT}/Target Support Files/Pods-Clouds-CloudsUITests/Pods-Clouds-CloudsUITests-frameworks.sh\"\n";
			showEnvVarsInLog = 0;
		};
		346702E9E0ECA3BF75575BE1 /* [CP] Check Pods Manifest.lock */ = {
			isa = PBXShellScriptBuildPhase;
			buildActionMask = 2147483647;
			files = (
			);
			inputFileListPaths = (
			);
			inputPaths = (
				"${PODS_PODFILE_DIR_PATH}/Podfile.lock",
				"${PODS_ROOT}/Manifest.lock",
			);
			name = "[CP] Check Pods Manifest.lock";
			outputFileListPaths = (
			);
			outputPaths = (
				"$(DERIVED_FILE_DIR)/Pods-CloudsTests-checkManifestLockResult.txt",
			);
			runOnlyForDeploymentPostprocessing = 0;
			shellPath = /bin/sh;
			shellScript = "diff \"${PODS_PODFILE_DIR_PATH}/Podfile.lock\" \"${PODS_ROOT}/Manifest.lock\" > /dev/null\nif [ $? != 0 ] ; then\n    # print error to STDERR\n    echo \"error: The sandbox is not in sync with the Podfile.lock. Run 'pod install' or update your CocoaPods installation.\" >&2\n    exit 1\nfi\n# This output is used by Xcode 'outputs' to avoid re-running this script phase.\necho \"SUCCESS\" > \"${SCRIPT_OUTPUT_FILE_0}\"\n";
			showEnvVarsInLog = 0;
		};
		8C4E26E86767EDD7347A112E /* [CP] Copy Pods Resources */ = {
			isa = PBXShellScriptBuildPhase;
			buildActionMask = 2147483647;
			files = (
			);
			inputFileListPaths = (
				"${PODS_ROOT}/Target Support Files/Pods-Clouds-CloudsUITests/Pods-Clouds-CloudsUITests-resources-${CONFIGURATION}-input-files.xcfilelist",
			);
			name = "[CP] Copy Pods Resources";
			outputFileListPaths = (
				"${PODS_ROOT}/Target Support Files/Pods-Clouds-CloudsUITests/Pods-Clouds-CloudsUITests-resources-${CONFIGURATION}-output-files.xcfilelist",
			);
			runOnlyForDeploymentPostprocessing = 0;
			shellPath = /bin/sh;
			shellScript = "\"${PODS_ROOT}/Target Support Files/Pods-Clouds-CloudsUITests/Pods-Clouds-CloudsUITests-resources.sh\"\n";
			showEnvVarsInLog = 0;
		};
		9E60648100F398BB0979CEDF /* [CP] Check Pods Manifest.lock */ = {
			isa = PBXShellScriptBuildPhase;
			buildActionMask = 2147483647;
			files = (
			);
			inputFileListPaths = (
			);
			inputPaths = (
				"${PODS_PODFILE_DIR_PATH}/Podfile.lock",
				"${PODS_ROOT}/Manifest.lock",
			);
			name = "[CP] Check Pods Manifest.lock";
			outputFileListPaths = (
			);
			outputPaths = (
				"$(DERIVED_FILE_DIR)/Pods-Clouds-CloudsUITests-checkManifestLockResult.txt",
			);
			runOnlyForDeploymentPostprocessing = 0;
			shellPath = /bin/sh;
			shellScript = "diff \"${PODS_PODFILE_DIR_PATH}/Podfile.lock\" \"${PODS_ROOT}/Manifest.lock\" > /dev/null\nif [ $? != 0 ] ; then\n    # print error to STDERR\n    echo \"error: The sandbox is not in sync with the Podfile.lock. Run 'pod install' or update your CocoaPods installation.\" >&2\n    exit 1\nfi\n# This output is used by Xcode 'outputs' to avoid re-running this script phase.\necho \"SUCCESS\" > \"${SCRIPT_OUTPUT_FILE_0}\"\n";
			showEnvVarsInLog = 0;
		};
		B0ABBAFCBBDC123D4ABD71E1 /* [CP] Copy Pods Resources */ = {
			isa = PBXShellScriptBuildPhase;
			buildActionMask = 2147483647;
			files = (
			);
			inputFileListPaths = (
				"${PODS_ROOT}/Target Support Files/Pods-Clouds/Pods-Clouds-resources-${CONFIGURATION}-input-files.xcfilelist",
			);
			name = "[CP] Copy Pods Resources";
			outputFileListPaths = (
				"${PODS_ROOT}/Target Support Files/Pods-Clouds/Pods-Clouds-resources-${CONFIGURATION}-output-files.xcfilelist",
			);
			runOnlyForDeploymentPostprocessing = 0;
			shellPath = /bin/sh;
			shellScript = "\"${PODS_ROOT}/Target Support Files/Pods-Clouds/Pods-Clouds-resources.sh\"\n";
			showEnvVarsInLog = 0;
		};
		E5DED80111A784B937F455C0 /* [CP] Embed Pods Frameworks */ = {
			isa = PBXShellScriptBuildPhase;
			buildActionMask = 2147483647;
			files = (
			);
			inputFileListPaths = (
				"${PODS_ROOT}/Target Support Files/Pods-Clouds/Pods-Clouds-frameworks-${CONFIGURATION}-input-files.xcfilelist",
			);
			name = "[CP] Embed Pods Frameworks";
			outputFileListPaths = (
				"${PODS_ROOT}/Target Support Files/Pods-Clouds/Pods-Clouds-frameworks-${CONFIGURATION}-output-files.xcfilelist",
			);
			runOnlyForDeploymentPostprocessing = 0;
			shellPath = /bin/sh;
			shellScript = "\"${PODS_ROOT}/Target Support Files/Pods-Clouds/Pods-Clouds-frameworks.sh\"\n";
			showEnvVarsInLog = 0;
		};
		FD32F416C092DBE6EC3ED8C1 /* [CP] Check Pods Manifest.lock */ = {
			isa = PBXShellScriptBuildPhase;
			buildActionMask = 2147483647;
			files = (
			);
			inputFileListPaths = (
			);
			inputPaths = (
				"${PODS_PODFILE_DIR_PATH}/Podfile.lock",
				"${PODS_ROOT}/Manifest.lock",
			);
			name = "[CP] Check Pods Manifest.lock";
			outputFileListPaths = (
			);
			outputPaths = (
				"$(DERIVED_FILE_DIR)/Pods-Clouds-checkManifestLockResult.txt",
			);
			runOnlyForDeploymentPostprocessing = 0;
			shellPath = /bin/sh;
			shellScript = "diff \"${PODS_PODFILE_DIR_PATH}/Podfile.lock\" \"${PODS_ROOT}/Manifest.lock\" > /dev/null\nif [ $? != 0 ] ; then\n    # print error to STDERR\n    echo \"error: The sandbox is not in sync with the Podfile.lock. Run 'pod install' or update your CocoaPods installation.\" >&2\n    exit 1\nfi\n# This output is used by Xcode 'outputs' to avoid re-running this script phase.\necho \"SUCCESS\" > \"${SCRIPT_OUTPUT_FILE_0}\"\n";
			showEnvVarsInLog = 0;
		};
/* End PBXShellScriptBuildPhase section */

/* Begin PBXSourcesBuildPhase section */
		EF5723B523CE4FD600492384 /* Sources */ = {
			isa = PBXSourcesBuildPhase;
			buildActionMask = 2147483647;
			files = (
				EFBB818A23D211F900FB637F /* Colors+Extensions.swift in Sources */,
				EFBB818C23D218C700FB637F /* Gradients.swift in Sources */,
				EFBB818623D1FF8000FB637F /* Fonts.swift in Sources */,
				EFBB818823D2028700FB637F /* Theme.swift in Sources */,
				EFBB817623CFADCF00FB637F /* Constants.swift in Sources */,
				EFFC93FC23D2468E00F177FD /* ChooseLocationViewController.swift in Sources */,
				EFBB817823CFAE0200FB637F /* SetupUI.swift in Sources */,
				EF5723C123CE4FD600492384 /* ViewController.swift in Sources */,
				EFFC93FA23D238C300F177FD /* Button.swift in Sources */,
				EFBB819023D22AC600FB637F /* HomeViewController.swift in Sources */,
				EFBB817423CFADAC00FB637F /* UIBaseViewController.swift in Sources */,
				EF5723BD23CE4FD600492384 /* AppDelegate.swift in Sources */,
				EF5723BF23CE4FD600492384 /* SceneDelegate.swift in Sources */,
			);
			runOnlyForDeploymentPostprocessing = 0;
		};
		EF5723CB23CE4FD700492384 /* Sources */ = {
			isa = PBXSourcesBuildPhase;
			buildActionMask = 2147483647;
			files = (
				EF5723D423CE4FD700492384 /* CloudsTests.swift in Sources */,
			);
			runOnlyForDeploymentPostprocessing = 0;
		};
		EF5723D623CE4FD700492384 /* Sources */ = {
			isa = PBXSourcesBuildPhase;
			buildActionMask = 2147483647;
			files = (
				EF5723DF23CE4FD700492384 /* CloudsUITests.swift in Sources */,
			);
			runOnlyForDeploymentPostprocessing = 0;
		};
/* End PBXSourcesBuildPhase section */

/* Begin PBXTargetDependency section */
		EF5723D123CE4FD700492384 /* PBXTargetDependency */ = {
			isa = PBXTargetDependency;
			target = EF5723B823CE4FD600492384 /* Clouds */;
			targetProxy = EF5723D023CE4FD700492384 /* PBXContainerItemProxy */;
		};
		EF5723DC23CE4FD700492384 /* PBXTargetDependency */ = {
			isa = PBXTargetDependency;
			target = EF5723B823CE4FD600492384 /* Clouds */;
			targetProxy = EF5723DB23CE4FD700492384 /* PBXContainerItemProxy */;
		};
/* End PBXTargetDependency section */

/* Begin PBXVariantGroup section */
		EF5723C223CE4FD600492384 /* Main.storyboard */ = {
			isa = PBXVariantGroup;
			children = (
				EF5723C323CE4FD600492384 /* Base */,
			);
			name = Main.storyboard;
			sourceTree = "<group>";
		};
		EF5723C723CE4FD700492384 /* LaunchScreen.storyboard */ = {
			isa = PBXVariantGroup;
			children = (
				EF5723C823CE4FD700492384 /* Base */,
			);
			name = LaunchScreen.storyboard;
			sourceTree = "<group>";
		};
/* End PBXVariantGroup section */

/* Begin XCBuildConfiguration section */
		EF5723E123CE4FD700492384 /* Debug */ = {
			isa = XCBuildConfiguration;
			buildSettings = {
				ALWAYS_SEARCH_USER_PATHS = NO;
				CLANG_ANALYZER_NONNULL = YES;
				CLANG_ANALYZER_NUMBER_OBJECT_CONVERSION = YES_AGGRESSIVE;
				CLANG_CXX_LANGUAGE_STANDARD = "gnu++14";
				CLANG_CXX_LIBRARY = "libc++";
				CLANG_ENABLE_MODULES = YES;
				CLANG_ENABLE_OBJC_ARC = YES;
				CLANG_ENABLE_OBJC_WEAK = YES;
				CLANG_WARN_BLOCK_CAPTURE_AUTORELEASING = YES;
				CLANG_WARN_BOOL_CONVERSION = YES;
				CLANG_WARN_COMMA = YES;
				CLANG_WARN_CONSTANT_CONVERSION = YES;
				CLANG_WARN_DEPRECATED_OBJC_IMPLEMENTATIONS = YES;
				CLANG_WARN_DIRECT_OBJC_ISA_USAGE = YES_ERROR;
				CLANG_WARN_DOCUMENTATION_COMMENTS = YES;
				CLANG_WARN_EMPTY_BODY = YES;
				CLANG_WARN_ENUM_CONVERSION = YES;
				CLANG_WARN_INFINITE_RECURSION = YES;
				CLANG_WARN_INT_CONVERSION = YES;
				CLANG_WARN_NON_LITERAL_NULL_CONVERSION = YES;
				CLANG_WARN_OBJC_IMPLICIT_RETAIN_SELF = YES;
				CLANG_WARN_OBJC_LITERAL_CONVERSION = YES;
				CLANG_WARN_OBJC_ROOT_CLASS = YES_ERROR;
				CLANG_WARN_RANGE_LOOP_ANALYSIS = YES;
				CLANG_WARN_STRICT_PROTOTYPES = YES;
				CLANG_WARN_SUSPICIOUS_MOVE = YES;
				CLANG_WARN_UNGUARDED_AVAILABILITY = YES_AGGRESSIVE;
				CLANG_WARN_UNREACHABLE_CODE = YES;
				CLANG_WARN__DUPLICATE_METHOD_MATCH = YES;
				COPY_PHASE_STRIP = NO;
				DEBUG_INFORMATION_FORMAT = dwarf;
				ENABLE_STRICT_OBJC_MSGSEND = YES;
				ENABLE_TESTABILITY = YES;
				GCC_C_LANGUAGE_STANDARD = gnu11;
				GCC_DYNAMIC_NO_PIC = NO;
				GCC_NO_COMMON_BLOCKS = YES;
				GCC_OPTIMIZATION_LEVEL = 0;
				GCC_PREPROCESSOR_DEFINITIONS = (
					"DEBUG=1",
					"$(inherited)",
				);
				GCC_WARN_64_TO_32_BIT_CONVERSION = YES;
				GCC_WARN_ABOUT_RETURN_TYPE = YES_ERROR;
				GCC_WARN_UNDECLARED_SELECTOR = YES;
				GCC_WARN_UNINITIALIZED_AUTOS = YES_AGGRESSIVE;
				GCC_WARN_UNUSED_FUNCTION = YES;
				GCC_WARN_UNUSED_VARIABLE = YES;
				IPHONEOS_DEPLOYMENT_TARGET = 13.2;
				MTL_ENABLE_DEBUG_INFO = INCLUDE_SOURCE;
				MTL_FAST_MATH = YES;
				ONLY_ACTIVE_ARCH = YES;
				SDKROOT = iphoneos;
				SWIFT_ACTIVE_COMPILATION_CONDITIONS = DEBUG;
				SWIFT_OPTIMIZATION_LEVEL = "-Onone";
			};
			name = Debug;
		};
		EF5723E223CE4FD700492384 /* Release */ = {
			isa = XCBuildConfiguration;
			buildSettings = {
				ALWAYS_SEARCH_USER_PATHS = NO;
				CLANG_ANALYZER_NONNULL = YES;
				CLANG_ANALYZER_NUMBER_OBJECT_CONVERSION = YES_AGGRESSIVE;
				CLANG_CXX_LANGUAGE_STANDARD = "gnu++14";
				CLANG_CXX_LIBRARY = "libc++";
				CLANG_ENABLE_MODULES = YES;
				CLANG_ENABLE_OBJC_ARC = YES;
				CLANG_ENABLE_OBJC_WEAK = YES;
				CLANG_WARN_BLOCK_CAPTURE_AUTORELEASING = YES;
				CLANG_WARN_BOOL_CONVERSION = YES;
				CLANG_WARN_COMMA = YES;
				CLANG_WARN_CONSTANT_CONVERSION = YES;
				CLANG_WARN_DEPRECATED_OBJC_IMPLEMENTATIONS = YES;
				CLANG_WARN_DIRECT_OBJC_ISA_USAGE = YES_ERROR;
				CLANG_WARN_DOCUMENTATION_COMMENTS = YES;
				CLANG_WARN_EMPTY_BODY = YES;
				CLANG_WARN_ENUM_CONVERSION = YES;
				CLANG_WARN_INFINITE_RECURSION = YES;
				CLANG_WARN_INT_CONVERSION = YES;
				CLANG_WARN_NON_LITERAL_NULL_CONVERSION = YES;
				CLANG_WARN_OBJC_IMPLICIT_RETAIN_SELF = YES;
				CLANG_WARN_OBJC_LITERAL_CONVERSION = YES;
				CLANG_WARN_OBJC_ROOT_CLASS = YES_ERROR;
				CLANG_WARN_RANGE_LOOP_ANALYSIS = YES;
				CLANG_WARN_STRICT_PROTOTYPES = YES;
				CLANG_WARN_SUSPICIOUS_MOVE = YES;
				CLANG_WARN_UNGUARDED_AVAILABILITY = YES_AGGRESSIVE;
				CLANG_WARN_UNREACHABLE_CODE = YES;
				CLANG_WARN__DUPLICATE_METHOD_MATCH = YES;
				COPY_PHASE_STRIP = NO;
				DEBUG_INFORMATION_FORMAT = "dwarf-with-dsym";
				ENABLE_NS_ASSERTIONS = NO;
				ENABLE_STRICT_OBJC_MSGSEND = YES;
				GCC_C_LANGUAGE_STANDARD = gnu11;
				GCC_NO_COMMON_BLOCKS = YES;
				GCC_WARN_64_TO_32_BIT_CONVERSION = YES;
				GCC_WARN_ABOUT_RETURN_TYPE = YES_ERROR;
				GCC_WARN_UNDECLARED_SELECTOR = YES;
				GCC_WARN_UNINITIALIZED_AUTOS = YES_AGGRESSIVE;
				GCC_WARN_UNUSED_FUNCTION = YES;
				GCC_WARN_UNUSED_VARIABLE = YES;
				IPHONEOS_DEPLOYMENT_TARGET = 13.2;
				MTL_ENABLE_DEBUG_INFO = NO;
				MTL_FAST_MATH = YES;
				SDKROOT = iphoneos;
				SWIFT_COMPILATION_MODE = wholemodule;
				SWIFT_OPTIMIZATION_LEVEL = "-O";
				VALIDATE_PRODUCT = YES;
			};
			name = Release;
		};
		EF5723E423CE4FD700492384 /* Debug */ = {
			isa = XCBuildConfiguration;
			baseConfigurationReference = E876EDE5566507B073AB08EA /* Pods-Clouds.debug.xcconfig */;
			buildSettings = {
				ASSETCATALOG_COMPILER_APPICON_NAME = AppIcon;
				CODE_SIGN_STYLE = Automatic;
				DEVELOPMENT_TEAM = F48MGZ2AUR;
				INFOPLIST_FILE = Clouds/Info.plist;
				LD_RUNPATH_SEARCH_PATHS = (
					"$(inherited)",
					"@executable_path/Frameworks",
				);
				PRODUCT_BUNDLE_IDENTIFIER = tcasablancas.Clouds;
				PRODUCT_NAME = "$(TARGET_NAME)";
				SWIFT_VERSION = 5.0;
				TARGETED_DEVICE_FAMILY = "1,2";
			};
			name = Debug;
		};
		EF5723E523CE4FD700492384 /* Release */ = {
			isa = XCBuildConfiguration;
			baseConfigurationReference = 9FE6A28EDE0B5BB1565DC63E /* Pods-Clouds.release.xcconfig */;
			buildSettings = {
				ASSETCATALOG_COMPILER_APPICON_NAME = AppIcon;
				CODE_SIGN_STYLE = Automatic;
				DEVELOPMENT_TEAM = F48MGZ2AUR;
				INFOPLIST_FILE = Clouds/Info.plist;
				LD_RUNPATH_SEARCH_PATHS = (
					"$(inherited)",
					"@executable_path/Frameworks",
				);
				PRODUCT_BUNDLE_IDENTIFIER = tcasablancas.Clouds;
				PRODUCT_NAME = "$(TARGET_NAME)";
				SWIFT_VERSION = 5.0;
				TARGETED_DEVICE_FAMILY = "1,2";
			};
			name = Release;
		};
		EF5723E723CE4FD700492384 /* Debug */ = {
			isa = XCBuildConfiguration;
			baseConfigurationReference = 33258202BE1879F8FC3A4535 /* Pods-CloudsTests.debug.xcconfig */;
			buildSettings = {
				ALWAYS_EMBED_SWIFT_STANDARD_LIBRARIES = YES;
				BUNDLE_LOADER = "$(TEST_HOST)";
				CODE_SIGN_STYLE = Automatic;
				DEVELOPMENT_TEAM = F48MGZ2AUR;
				INFOPLIST_FILE = CloudsTests/Info.plist;
				IPHONEOS_DEPLOYMENT_TARGET = 13.2;
				LD_RUNPATH_SEARCH_PATHS = (
					"$(inherited)",
					"@executable_path/Frameworks",
					"@loader_path/Frameworks",
				);
				PRODUCT_BUNDLE_IDENTIFIER = tcasablancas.CloudsTests;
				PRODUCT_NAME = "$(TARGET_NAME)";
				SWIFT_VERSION = 5.0;
				TARGETED_DEVICE_FAMILY = "1,2";
				TEST_HOST = "$(BUILT_PRODUCTS_DIR)/Clouds.app/Clouds";
			};
			name = Debug;
		};
		EF5723E823CE4FD700492384 /* Release */ = {
			isa = XCBuildConfiguration;
			baseConfigurationReference = 93402B75D2ADCBF7B69A0F08 /* Pods-CloudsTests.release.xcconfig */;
			buildSettings = {
				ALWAYS_EMBED_SWIFT_STANDARD_LIBRARIES = YES;
				BUNDLE_LOADER = "$(TEST_HOST)";
				CODE_SIGN_STYLE = Automatic;
				DEVELOPMENT_TEAM = F48MGZ2AUR;
				INFOPLIST_FILE = CloudsTests/Info.plist;
				IPHONEOS_DEPLOYMENT_TARGET = 13.2;
				LD_RUNPATH_SEARCH_PATHS = (
					"$(inherited)",
					"@executable_path/Frameworks",
					"@loader_path/Frameworks",
				);
				PRODUCT_BUNDLE_IDENTIFIER = tcasablancas.CloudsTests;
				PRODUCT_NAME = "$(TARGET_NAME)";
				SWIFT_VERSION = 5.0;
				TARGETED_DEVICE_FAMILY = "1,2";
				TEST_HOST = "$(BUILT_PRODUCTS_DIR)/Clouds.app/Clouds";
			};
			name = Release;
		};
		EF5723EA23CE4FD700492384 /* Debug */ = {
			isa = XCBuildConfiguration;
			baseConfigurationReference = CEFCEF75B84A640767447E84 /* Pods-Clouds-CloudsUITests.debug.xcconfig */;
			buildSettings = {
				ALWAYS_EMBED_SWIFT_STANDARD_LIBRARIES = YES;
				CODE_SIGN_STYLE = Automatic;
				DEVELOPMENT_TEAM = F48MGZ2AUR;
				INFOPLIST_FILE = CloudsUITests/Info.plist;
				LD_RUNPATH_SEARCH_PATHS = (
					"$(inherited)",
					"@executable_path/Frameworks",
					"@loader_path/Frameworks",
				);
				PRODUCT_BUNDLE_IDENTIFIER = tcasablancas.CloudsUITests;
				PRODUCT_NAME = "$(TARGET_NAME)";
				SWIFT_VERSION = 5.0;
				TARGETED_DEVICE_FAMILY = "1,2";
				TEST_TARGET_NAME = Clouds;
			};
			name = Debug;
		};
		EF5723EB23CE4FD700492384 /* Release */ = {
			isa = XCBuildConfiguration;
			baseConfigurationReference = FD848E971C16B752A529659F /* Pods-Clouds-CloudsUITests.release.xcconfig */;
			buildSettings = {
				ALWAYS_EMBED_SWIFT_STANDARD_LIBRARIES = YES;
				CODE_SIGN_STYLE = Automatic;
				DEVELOPMENT_TEAM = F48MGZ2AUR;
				INFOPLIST_FILE = CloudsUITests/Info.plist;
				LD_RUNPATH_SEARCH_PATHS = (
					"$(inherited)",
					"@executable_path/Frameworks",
					"@loader_path/Frameworks",
				);
				PRODUCT_BUNDLE_IDENTIFIER = tcasablancas.CloudsUITests;
				PRODUCT_NAME = "$(TARGET_NAME)";
				SWIFT_VERSION = 5.0;
				TARGETED_DEVICE_FAMILY = "1,2";
				TEST_TARGET_NAME = Clouds;
			};
			name = Release;
		};
/* End XCBuildConfiguration section */

/* Begin XCConfigurationList section */
		EF5723B423CE4FD600492384 /* Build configuration list for PBXProject "Clouds" */ = {
			isa = XCConfigurationList;
			buildConfigurations = (
				EF5723E123CE4FD700492384 /* Debug */,
				EF5723E223CE4FD700492384 /* Release */,
			);
			defaultConfigurationIsVisible = 0;
			defaultConfigurationName = Release;
		};
		EF5723E323CE4FD700492384 /* Build configuration list for PBXNativeTarget "Clouds" */ = {
			isa = XCConfigurationList;
			buildConfigurations = (
				EF5723E423CE4FD700492384 /* Debug */,
				EF5723E523CE4FD700492384 /* Release */,
			);
			defaultConfigurationIsVisible = 0;
			defaultConfigurationName = Release;
		};
		EF5723E623CE4FD700492384 /* Build configuration list for PBXNativeTarget "CloudsTests" */ = {
			isa = XCConfigurationList;
			buildConfigurations = (
				EF5723E723CE4FD700492384 /* Debug */,
				EF5723E823CE4FD700492384 /* Release */,
			);
			defaultConfigurationIsVisible = 0;
			defaultConfigurationName = Release;
		};
		EF5723E923CE4FD700492384 /* Build configuration list for PBXNativeTarget "CloudsUITests" */ = {
			isa = XCConfigurationList;
			buildConfigurations = (
				EF5723EA23CE4FD700492384 /* Debug */,
				EF5723EB23CE4FD700492384 /* Release */,
			);
			defaultConfigurationIsVisible = 0;
			defaultConfigurationName = Release;
		};
/* End XCConfigurationList section */
	};
	rootObject = EF5723B123CE4FD600492384 /* Project object */;
}
